
Microsoft Visual Studio Solution File, Format Version 12.00
# Visual Studio Version 17
VisualStudioVersion = 17.8.34316.72
MinimumVisualStudioVersion = 10.0.40219.1
Project("{FAE04EC0-301F-11D3-BF4B-00C04F79EFBC}") = "ToolCommon", "ToolCommon\ToolCommon.csproj", "{35CA4311-6068-4EE0-A620-6E380818D064}"
EndProject
Project("{FAE04EC0-301F-11D3-BF4B-00C04F79EFBC}") = "DbDumpTool", "DbDumpTool\DbDumpTool.csproj", "{0494344B-FAB3-437C-BAA8-62AA8CAA50BC}"
EndProject
Global
	GlobalSection(SolutionConfigurationPlatforms) = preSolution
		Debug|Any CPU = Debug|Any CPU
		Release|Any CPU = Release|Any CPU
	EndGlobalSection
	GlobalSection(ProjectConfigurationPlatforms) = postSolution
		{35CA4311-6068-4EE0-A620-6E380818D064}.Debug|Any CPU.ActiveCfg = Debug|Any CPU
		{35CA4311-6068-4EE0-A620-6E380818D064}.Debug|Any CPU.Build.0 = Debug|Any CPU
		{35CA4311-6068-4EE0-A620-6E380818D064}.Release|Any CPU.ActiveCfg = Release|Any CPU
		{35CA4311-6068-4EE0-A620-6E380818D064}.Release|Any CPU.Build.0 = Release|Any CPU
		{0494344B-FAB3-437C-BAA8-62AA8CAA50BC}.Debug|Any CPU.ActiveCfg = Debug|Any CPU
		{0494344B-FAB3-437C-BAA8-62AA8CAA50BC}.Debug|Any CPU.Build.0 = Debug|Any CPU
		{0494344B-FAB3-437C-BAA8-62AA8CAA50BC}.Release|Any CPU.ActiveCfg = Release|Any CPU
		{0494344B-FAB3-437C-BAA8-62AA8CAA50BC}.Release|Any CPU.Build.0 = Release|Any CPU
	EndGlobalSection
	GlobalSection(SolutionProperties) = preSolution
		HideSolutionNode = FALSE
	EndGlobalSection
	GlobalSection(ExtensibilityGlobals) = postSolution
		SolutionGuid = {FD1F944C-2101-4AC8-AA1C-8F15B5B811BC}
	EndGlobalSection
EndGlobal
